{
  "name": "miniprogram",
  "version": "1.0.0",
  "lockfileVersion": 3,
  "requires": true,
  "packages": {
    "": {
      "name": "miniprogram",
      "version": "1.0.0",
      "license": "ISC",
      "dependencies": {
        "@vant/weapp": "^1.11.6",
        "dayjs": "^1.11.13",
        "mp-html": "^2.5.0",
        "pinyin-pro": "^3.26.0",
        "wxminishareddata": "^2.1.1",
        "wxmp-rsa": "^2.1.0"
      }
    },
    "node_modules/@vant/weapp": {
      "version": "1.11.6",
      "resolved": "https://registry.npmmirror.com/@vant/weapp/-/weapp-1.11.6.tgz",
      "integrity": "sha512-a3heReWYT2gNdsyj6x1hBwsM8V8NrjcPAmle86NH2CD2V/i/h0le75piW6KntSfOPCwekVWMBKhysNrBpJeKdw=="
    },
    "node_modules/dayjs": {
      "version": "1.11.13",
      "resolved": "https://registry.npmmirror.com/dayjs/-/dayjs-1.11.13.tgz",
      "integrity": "sha512-oaMBel6gjolK862uaPQOVTA7q3TZhuSvuMQAAglQDOWYO9A91IrAOUJEyKVlqJlHE0vq5p5UXxzdPfMH/x6xNg=="
    },
    "node_modules/mp-html": {
      "version": "2.5.0",
      "resolved": "https://registry.npmmirror.com/mp-html/-/mp-html-2.5.0.tgz",
      "integrity": "sha512-uvBH5tIaDIlj8qaxsvNXU3RKX0jvXOo3J6FAi/notUv/ds6j79UUTE82aDkxxUk0eLUU0CiCqMrR7WWnytk30Q=="
    },
    "node_modules/pinyin-pro": {
      "version": "3.26.0",
      "resolved": "https://registry.npmmirror.com/pinyin-pro/-/pinyin-pro-3.26.0.tgz",
      "integrity": "sha512-HcBZZb0pvm0/JkPhZHWA5Hqp2cWHXrrW/WrV+OtaYYM+kf35ffvZppIUuGmyuQ7gDr1JDJKMkbEE+GN0wfMoGg=="
    },
    "node_modules/wxminishareddata": {
      "version": "2.1.2",
      "resolved": "https://registry.npmmirror.com/wxminishareddata/-/wxminishareddata-2.1.2.tgz",
      "integrity": "sha512-lFtmmukibxGXLTAL0S+jmnk57gBRmx3vOl/bGoXG7BRBEkIUWTM3pthkbxuN+GjqmGBh5DPgaaA/MxklGYxRgw==",
      "dependencies": {
        "wxminishareddata": "^2.1.2"
      }
    },
    "node_modules/wxmp-rsa": {
      "version": "2.1.0",
      "resolved": "https://registry.npmmirror.com/wxmp-rsa/-/wxmp-rsa-2.1.0.tgz",
      "integrity": "sha512-VbWMJ+vf8t7G93sjkqjCn5yGy/Si3M8uD6OFebqjJWJ1R0WCyle7X6SNia7WWG6Qe1F2/OWxhbcSGA6ebUBwIA=="
    }
  }
}
